// !$*UTF8*$!
{
	archiveVersion = 1;
	classes = {
	};
	objectVersion = 45;
	objects = {

/* Begin PBXBuildFile section */
		0091D8F90E81B9330029341E /* OpenGL.framework in Frameworks */ = {isa = PBXBuildFile; fileRef = 0091D8F80E81B9330029341E /* OpenGL.framework */; };
		00B784B30FF439BC000DE1D7 /* Accelerate.framework in Frameworks */ = {isa = PBXBuildFile; fileRef = 00B784AF0FF439BC000DE1D7 /* Accelerate.framework */; };
		00B784B40FF439BC000DE1D7 /* AudioToolbox.framework in Frameworks */ = {isa = PBXBuildFile; fileRef = 00B784B00FF439BC000DE1D7 /* AudioToolbox.framework */; };
		00B784B50FF439BC000DE1D7 /* AudioUnit.framework in Frameworks */ = {isa = PBXBuildFile; fileRef = 00B784B10FF439BC000DE1D7 /* AudioUnit.framework */; };
		00B784B60FF439BC000DE1D7 /* CoreAudio.framework in Frameworks */ = {isa = PBXBuildFile; fileRef = 00B784B20FF439BC000DE1D7 /* CoreAudio.framework */; };
		1BE32ABC13E541CEAB8B7A94 /* CinderApp.icns in Resources */ = {isa = PBXBuildFile; fileRef = 4D8A5F4AD65E4A07AB826A1A /* CinderApp.icns */; };
		5323E6B20EAFCA74003A9687 /* CoreVideo.framework in Frameworks */ = {isa = PBXBuildFile; fileRef = 5323E6B10EAFCA74003A9687 /* CoreVideo.framework */; };
		5323E6B60EAFCA7E003A9687 /* QTKit.framework in Frameworks */ = {isa = PBXBuildFile; fileRef = 5323E6B50EAFCA7E003A9687 /* QTKit.framework */; };
		8D11072F0486CEB800E47090 /* Cocoa.framework in Frameworks */ = {isa = PBXBuildFile; fileRef = 1058C7A1FEA54F0111CA2CBB /* Cocoa.framework */; };
		C41FBD5A9EAF4E488AC8D574 /* CinderIldaApp.cpp in Sources */ = {isa = PBXBuildFile; fileRef = A4271B05583C4101A7ACAF85 /* CinderIldaApp.cpp */; };
		FF6DAB801783879300F53BF2 /* libEasyLase.dylib in Frameworks */ = {isa = PBXBuildFile; fileRef = FF6DAB311783879200F53BF2 /* libEasyLase.dylib */; };
		FF6DAB811783879300F53BF2 /* libftd2xx.dylib in Frameworks */ = {isa = PBXBuildFile; fileRef = FF6DAB321783879200F53BF2 /* libftd2xx.dylib */; };
		FF6DAB821783879300F53BF2 /* fatfs_readme.txt in Resources */ = {isa = PBXBuildFile; fileRef = FF6DAB361783879200F53BF2 /* fatfs_readme.txt */; };
		FF6DAB831783879300F53BF2 /* openocd.cfg in Resources */ = {isa = PBXBuildFile; fileRef = FF6DAB371783879200F53BF2 /* openocd.cfg */; };
		FF6DAB841783879300F53BF2 /* .gitignore in Resources */ = {isa = PBXBuildFile; fileRef = FF6DAB3A1783879200F53BF2 /* .gitignore */; };
		FF6DAB851783879300F53BF2 /* .gitignore in Resources */ = {isa = PBXBuildFile; fileRef = FF6DAB3C1783879200F53BF2 /* .gitignore */; };
		FF6DAB861783879300F53BF2 /* etherdream.c in Sources */ = {isa = PBXBuildFile; fileRef = FF6DAB3D1783879200F53BF2 /* etherdream.c */; };
		FF6DAB871783879300F53BF2 /* Makefile in Sources */ = {isa = PBXBuildFile; fileRef = FF6DAB3F1783879200F53BF2 /* Makefile */; };
		FF6DAB881783879300F53BF2 /* test.c in Sources */ = {isa = PBXBuildFile; fileRef = FF6DAB401783879200F53BF2 /* test.c */; };
		FF6DAB891783879300F53BF2 /* Makefile in Sources */ = {isa = PBXBuildFile; fileRef = FF6DAB411783879200F53BF2 /* Makefile */; };
		FF6DABA51783879300F53BF2 /* CinderEtherdream.cpp in Sources */ = {isa = PBXBuildFile; fileRef = FF6DAB721783879300F53BF2 /* CinderEtherdream.cpp */; };
		FF6DABA61783879300F53BF2 /* CinderIldaFrame.cpp in Sources */ = {isa = PBXBuildFile; fileRef = FF6DAB751783879300F53BF2 /* CinderIldaFrame.cpp */; };
/* End PBXBuildFile section */

/* Begin PBXFileReference section */
		0091D8F80E81B9330029341E /* OpenGL.framework */ = {isa = PBXFileReference; lastKnownFileType = wrapper.framework; name = OpenGL.framework; path = /System/Library/Frameworks/OpenGL.framework; sourceTree = "<absolute>"; };
		00B784AF0FF439BC000DE1D7 /* Accelerate.framework */ = {isa = PBXFileReference; lastKnownFileType = wrapper.framework; name = Accelerate.framework; path = System/Library/Frameworks/Accelerate.framework; sourceTree = SDKROOT; };
		00B784B00FF439BC000DE1D7 /* AudioToolbox.framework */ = {isa = PBXFileReference; lastKnownFileType = wrapper.framework; name = AudioToolbox.framework; path = System/Library/Frameworks/AudioToolbox.framework; sourceTree = SDKROOT; };
		00B784B10FF439BC000DE1D7 /* AudioUnit.framework */ = {isa = PBXFileReference; lastKnownFileType = wrapper.framework; name = AudioUnit.framework; path = System/Library/Frameworks/AudioUnit.framework; sourceTree = SDKROOT; };
		00B784B20FF439BC000DE1D7 /* CoreAudio.framework */ = {isa = PBXFileReference; lastKnownFileType = wrapper.framework; name = CoreAudio.framework; path = System/Library/Frameworks/CoreAudio.framework; sourceTree = SDKROOT; };
		0D3A273BF3CE4B4398766CC4 /* Info.plist */ = {isa = PBXFileReference; lastKnownFileType = text.plist.xml; path = Info.plist; sourceTree = "<group>"; };
		1058C7A1FEA54F0111CA2CBB /* Cocoa.framework */ = {isa = PBXFileReference; lastKnownFileType = wrapper.framework; name = Cocoa.framework; path = /System/Library/Frameworks/Cocoa.framework; sourceTree = "<absolute>"; };
		29B97324FDCFA39411CA2CEA /* AppKit.framework */ = {isa = PBXFileReference; lastKnownFileType = wrapper.framework; name = AppKit.framework; path = /System/Library/Frameworks/AppKit.framework; sourceTree = "<absolute>"; };
		29B97325FDCFA39411CA2CEA /* Foundation.framework */ = {isa = PBXFileReference; lastKnownFileType = wrapper.framework; name = Foundation.framework; path = /System/Library/Frameworks/Foundation.framework; sourceTree = "<absolute>"; };
		4D8A5F4AD65E4A07AB826A1A /* CinderApp.icns */ = {isa = PBXFileReference; lastKnownFileType = image.icns; name = CinderApp.icns; path = ../resources/CinderApp.icns; sourceTree = "<group>"; };
		5323E6B10EAFCA74003A9687 /* CoreVideo.framework */ = {isa = PBXFileReference; lastKnownFileType = wrapper.framework; name = CoreVideo.framework; path = /System/Library/Frameworks/CoreVideo.framework; sourceTree = "<absolute>"; };
		5323E6B50EAFCA7E003A9687 /* QTKit.framework */ = {isa = PBXFileReference; lastKnownFileType = wrapper.framework; name = QTKit.framework; path = /System/Library/Frameworks/QTKit.framework; sourceTree = "<absolute>"; };
		8D1107320486CEB800E47090 /* SimpleIldaExample_Etherdream.app */ = {isa = PBXFileReference; explicitFileType = wrapper.application; includeInIndex = 0; path = SimpleIldaExample_Etherdream.app; sourceTree = BUILT_PRODUCTS_DIR; };
		A4271B05583C4101A7ACAF85 /* CinderIldaApp.cpp */ = {isa = PBXFileReference; lastKnownFileType = sourcecode.c.cpp; name = CinderIldaApp.cpp; path = ../src/CinderIldaApp.cpp; sourceTree = "<group>"; };
		CC32F4B2F6604609A4459A65 /* SimpleIldaExample_Etherdream_Prefix.pch */ = {isa = PBXFileReference; lastKnownFileType = sourcecode.c.h; path = SimpleIldaExample_Etherdream_Prefix.pch; sourceTree = "<group>"; };
		D1B6186FC7A549F8818D00C4 /* Resources.h */ = {isa = PBXFileReference; lastKnownFileType = sourcecode.c.h; name = Resources.h; path = ../include/Resources.h; sourceTree = "<group>"; };
		FF045DD7178C9280005FE797 /* CinderLaserDac.h */ = {isa = PBXFileReference; fileEncoding = 4; lastKnownFileType = sourcecode.c.h; path = CinderLaserDac.h; sourceTree = "<group>"; };
		FF6DAB301783879200F53BF2 /* easyLase.h */ = {isa = PBXFileReference; fileEncoding = 4; lastKnownFileType = sourcecode.c.h; path = easyLase.h; sourceTree = "<group>"; };
		FF6DAB311783879200F53BF2 /* libEasyLase.dylib */ = {isa = PBXFileReference; lastKnownFileType = "compiled.mach-o.dylib"; path = libEasyLase.dylib; sourceTree = "<group>"; };
		FF6DAB321783879200F53BF2 /* libftd2xx.dylib */ = {isa = PBXFileReference; lastKnownFileType = "compiled.mach-o.dylib"; path = libftd2xx.dylib; sourceTree = "<group>"; };
		FF6DAB361783879200F53BF2 /* fatfs_readme.txt */ = {isa = PBXFileReference; fileEncoding = 4; lastKnownFileType = text; path = fatfs_readme.txt; sourceTree = "<group>"; };
		FF6DAB371783879200F53BF2 /* openocd.cfg */ = {isa = PBXFileReference; fileEncoding = 4; lastKnownFileType = text; path = openocd.cfg; sourceTree = "<group>"; };
		FF6DAB381783879200F53BF2 /* protocol.h */ = {isa = PBXFileReference; fileEncoding = 4; lastKnownFileType = sourcecode.c.h; path = protocol.h; sourceTree = "<group>"; };
		FF6DAB3A1783879200F53BF2 /* .gitignore */ = {isa = PBXFileReference; fileEncoding = 4; lastKnownFileType = text; path = .gitignore; sourceTree = "<group>"; };
		FF6DAB3C1783879200F53BF2 /* .gitignore */ = {isa = PBXFileReference; fileEncoding = 4; lastKnownFileType = text; path = .gitignore; sourceTree = "<group>"; };
		FF6DAB3D1783879200F53BF2 /* etherdream.c */ = {isa = PBXFileReference; fileEncoding = 4; lastKnownFileType = sourcecode.c.c; path = etherdream.c; sourceTree = "<group>"; };
		FF6DAB3E1783879200F53BF2 /* etherdream.h */ = {isa = PBXFileReference; fileEncoding = 4; lastKnownFileType = sourcecode.c.h; path = etherdream.h; sourceTree = "<group>"; };
		FF6DAB3F1783879200F53BF2 /* Makefile */ = {isa = PBXFileReference; fileEncoding = 4; lastKnownFileType = sourcecode.make; path = Makefile; sourceTree = "<group>"; };
		FF6DAB401783879200F53BF2 /* test.c */ = {isa = PBXFileReference; fileEncoding = 4; lastKnownFileType = sourcecode.c.c; path = test.c; sourceTree = "<group>"; };
		FF6DAB411783879200F53BF2 /* Makefile */ = {isa = PBXFileReference; fileEncoding = 4; lastKnownFileType = sourcecode.make; path = Makefile; sourceTree = "<group>"; };
		FF6DAB721783879300F53BF2 /* CinderEtherdream.cpp */ = {isa = PBXFileReference; fileEncoding = 4; lastKnownFileType = sourcecode.cpp.cpp; path = CinderEtherdream.cpp; sourceTree = "<group>"; };
		FF6DAB731783879300F53BF2 /* CinderEtherdream.h */ = {isa = PBXFileReference; fileEncoding = 4; lastKnownFileType = sourcecode.c.h; path = CinderEtherdream.h; sourceTree = "<group>"; };
		FF6DAB751783879300F53BF2 /* CinderIldaFrame.cpp */ = {isa = PBXFileReference; fileEncoding = 4; lastKnownFileType = sourcecode.cpp.cpp; path = CinderIldaFrame.cpp; sourceTree = "<group>"; };
		FF6DAB761783879300F53BF2 /* CinderIldaFrame.h */ = {isa = PBXFileReference; fileEncoding = 4; lastKnownFileType = sourcecode.c.h; path = CinderIldaFrame.h; sourceTree = "<group>"; };
		FF6DAB771783879300F53BF2 /* CinderIldaPoint.h */ = {isa = PBXFileReference; fileEncoding = 4; lastKnownFileType = sourcecode.c.h; path = CinderIldaPoint.h; sourceTree = "<group>"; };
/* End PBXFileReference section */

/* Begin PBXFrameworksBuildPhase section */
		8D11072E0486CEB800E47090 /* Frameworks */ = {
			isa = PBXFrameworksBuildPhase;
			buildActionMask = 2147483647;
			files = (
				8D11072F0486CEB800E47090 /* Cocoa.framework in Frameworks */,
				0091D8F90E81B9330029341E /* OpenGL.framework in Frameworks */,
				5323E6B20EAFCA74003A9687 /* CoreVideo.framework in Frameworks */,
				5323E6B60EAFCA7E003A9687 /* QTKit.framework in Frameworks */,
				00B784B30FF439BC000DE1D7 /* Accelerate.framework in Frameworks */,
				00B784B40FF439BC000DE1D7 /* AudioToolbox.framework in Frameworks */,
				00B784B50FF439BC000DE1D7 /* AudioUnit.framework in Frameworks */,
				00B784B60FF439BC000DE1D7 /* CoreAudio.framework in Frameworks */,
				FF6DAB801783879300F53BF2 /* libEasyLase.dylib in Frameworks */,
				FF6DAB811783879300F53BF2 /* libftd2xx.dylib in Frameworks */,
			);
			runOnlyForDeploymentPostprocessing = 0;
		};
/* End PBXFrameworksBuildPhase section */

/* Begin PBXGroup section */
		01B97315FEAEA392516A2CEA /* Blocks */ = {
			isa = PBXGroup;
			children = (
				FF6DAB271783879200F53BF2 /* Cinder-Ilda */,
			);
			name = Blocks;
			sourceTree = "<group>";
		};
		080E96DDFE201D6D7F000001 /* Source */ = {
			isa = PBXGroup;
			children = (
				A4271B05583C4101A7ACAF85 /* CinderIldaApp.cpp */,
			);
			name = Source;
			sourceTree = "<group>";
		};
		1058C7A0FEA54F0111CA2CBB /* Linked Frameworks */ = {
			isa = PBXGroup;
			children = (
				00B784AF0FF439BC000DE1D7 /* Accelerate.framework */,
				00B784B00FF439BC000DE1D7 /* AudioToolbox.framework */,
				00B784B10FF439BC000DE1D7 /* AudioUnit.framework */,
				00B784B20FF439BC000DE1D7 /* CoreAudio.framework */,
				5323E6B50EAFCA7E003A9687 /* QTKit.framework */,
				5323E6B10EAFCA74003A9687 /* CoreVideo.framework */,
				0091D8F80E81B9330029341E /* OpenGL.framework */,
				1058C7A1FEA54F0111CA2CBB /* Cocoa.framework */,
			);
			name = "Linked Frameworks";
			sourceTree = "<group>";
		};
		1058C7A2FEA54F0111CA2CBB /* Other Frameworks */ = {
			isa = PBXGroup;
			children = (
				29B97324FDCFA39411CA2CEA /* AppKit.framework */,
				29B97325FDCFA39411CA2CEA /* Foundation.framework */,
			);
			name = "Other Frameworks";
			sourceTree = "<group>";
		};
		19C28FACFE9D520D11CA2CBB /* Products */ = {
			isa = PBXGroup;
			children = (
				8D1107320486CEB800E47090 /* SimpleIldaExample_Etherdream.app */,
			);
			name = Products;
			sourceTree = "<group>";
		};
		29B97314FDCFA39411CA2CEA /* CinderIlda */ = {
			isa = PBXGroup;
			children = (
				01B97315FEAEA392516A2CEA /* Blocks */,
				29B97315FDCFA39411CA2CEA /* Headers */,
				080E96DDFE201D6D7F000001 /* Source */,
				29B97317FDCFA39411CA2CEA /* Resources */,
				29B97323FDCFA39411CA2CEA /* Frameworks */,
				19C28FACFE9D520D11CA2CBB /* Products */,
			);
			name = CinderIlda;
			sourceTree = "<group>";
		};
		29B97315FDCFA39411CA2CEA /* Headers */ = {
			isa = PBXGroup;
			children = (
				D1B6186FC7A549F8818D00C4 /* Resources.h */,
				CC32F4B2F6604609A4459A65 /* SimpleIldaExample_Etherdream_Prefix.pch */,
			);
			name = Headers;
			sourceTree = "<group>";
		};
		29B97317FDCFA39411CA2CEA /* Resources */ = {
			isa = PBXGroup;
			children = (
				4D8A5F4AD65E4A07AB826A1A /* CinderApp.icns */,
				0D3A273BF3CE4B4398766CC4 /* Info.plist */,
			);
			name = Resources;
			sourceTree = "<group>";
		};
		29B97323FDCFA39411CA2CEA /* Frameworks */ = {
			isa = PBXGroup;
			children = (
				1058C7A0FEA54F0111CA2CBB /* Linked Frameworks */,
				1058C7A2FEA54F0111CA2CBB /* Other Frameworks */,
			);
			name = Frameworks;
			sourceTree = "<group>";
		};
		FF045DD5178C9280005FE797 /* cilaserdac */ = {
			isa = PBXGroup;
			children = (
				FF045DD7178C9280005FE797 /* CinderLaserDac.h */,
			);
			path = cilaserdac;
			sourceTree = "<group>";
		};
		FF6DAB271783879200F53BF2 /* Cinder-Ilda */ = {
			isa = PBXGroup;
			children = (
				FF6DAB2B1783879200F53BF2 /* lib */,
				FF6DAB701783879300F53BF2 /* src */,
			);
			name = "Cinder-Ilda";
			path = ../../..;
			sourceTree = "<group>";
		};
		FF6DAB2B1783879200F53BF2 /* lib */ = {
			isa = PBXGroup;
			children = (
				FF6DAB2C1783879200F53BF2 /* easyLase */,
				FF6DAB331783879200F53BF2 /* etherdream */,
			);
			path = lib;
			sourceTree = "<group>";
		};
		FF6DAB2C1783879200F53BF2 /* easyLase */ = {
			isa = PBXGroup;
			children = (
				FF6DAB2D1783879200F53BF2 /* libs */,
			);
			path = easyLase;
			sourceTree = "<group>";
		};
		FF6DAB2D1783879200F53BF2 /* libs */ = {
			isa = PBXGroup;
			children = (
				FF6DAB2E1783879200F53BF2 /* driver */,
			);
			path = libs;
			sourceTree = "<group>";
		};
		FF6DAB2E1783879200F53BF2 /* driver */ = {
			isa = PBXGroup;
			children = (
				FF6DAB2F1783879200F53BF2 /* libEasyLase */,
			);
			path = driver;
			sourceTree = "<group>";
		};
		FF6DAB2F1783879200F53BF2 /* libEasyLase */ = {
			isa = PBXGroup;
			children = (
				FF6DAB301783879200F53BF2 /* easyLase.h */,
				FF6DAB311783879200F53BF2 /* libEasyLase.dylib */,
				FF6DAB321783879200F53BF2 /* libftd2xx.dylib */,
			);
			path = libEasyLase;
			sourceTree = "<group>";
		};
		FF6DAB331783879200F53BF2 /* etherdream */ = {
			isa = PBXGroup;
			children = (
				FF6DAB341783879200F53BF2 /* libs */,
			);
			path = etherdream;
			sourceTree = "<group>";
		};
		FF6DAB341783879200F53BF2 /* libs */ = {
			isa = PBXGroup;
			children = (
				FF6DAB351783879200F53BF2 /* common */,
				FF6DAB391783879200F53BF2 /* driver */,
			);
			path = libs;
			sourceTree = "<group>";
		};
		FF6DAB351783879200F53BF2 /* common */ = {
			isa = PBXGroup;
			children = (
				FF6DAB361783879200F53BF2 /* fatfs_readme.txt */,
				FF6DAB371783879200F53BF2 /* openocd.cfg */,
				FF6DAB381783879200F53BF2 /* protocol.h */,
			);
			path = common;
			sourceTree = "<group>";
		};
		FF6DAB391783879200F53BF2 /* driver */ = {
			isa = PBXGroup;
			children = (
				FF6DAB3A1783879200F53BF2 /* .gitignore */,
				FF6DAB3B1783879200F53BF2 /* libetherdream */,
				FF6DAB411783879200F53BF2 /* Makefile */,
			);
			path = driver;
			sourceTree = "<group>";
		};
		FF6DAB3B1783879200F53BF2 /* libetherdream */ = {
			isa = PBXGroup;
			children = (
				FF6DAB3C1783879200F53BF2 /* .gitignore */,
				FF6DAB3D1783879200F53BF2 /* etherdream.c */,
				FF6DAB3E1783879200F53BF2 /* etherdream.h */,
				FF6DAB3F1783879200F53BF2 /* Makefile */,
				FF6DAB401783879200F53BF2 /* test.c */,
			);
			path = libetherdream;
			sourceTree = "<group>";
		};
		FF6DAB701783879300F53BF2 /* src */ = {
			isa = PBXGroup;
			children = (
				FF045DD5178C9280005FE797 /* cilaserdac */,
				FF6DAB711783879300F53BF2 /* cietherdream */,
				FF6DAB741783879300F53BF2 /* ciilda */,
			);
			path = src;
			sourceTree = "<group>";
		};
		FF6DAB711783879300F53BF2 /* cietherdream */ = {
			isa = PBXGroup;
			children = (
				FF6DAB721783879300F53BF2 /* CinderEtherdream.cpp */,
				FF6DAB731783879300F53BF2 /* CinderEtherdream.h */,
			);
			path = cietherdream;
			sourceTree = "<group>";
		};
		FF6DAB741783879300F53BF2 /* ciilda */ = {
			isa = PBXGroup;
			children = (
				FF6DAB751783879300F53BF2 /* CinderIldaFrame.cpp */,
				FF6DAB761783879300F53BF2 /* CinderIldaFrame.h */,
				FF6DAB771783879300F53BF2 /* CinderIldaPoint.h */,
			);
			path = ciilda;
			sourceTree = "<group>";
		};
/* End PBXGroup section */

/* Begin PBXNativeTarget section */
		8D1107260486CEB800E47090 /* SimpleIldaExample_Etherdream */ = {
			isa = PBXNativeTarget;
			buildConfigurationList = C01FCF4A08A954540054247B /* Build configuration list for PBXNativeTarget "SimpleIldaExample_Etherdream" */;
			buildPhases = (
				8D1107290486CEB800E47090 /* Resources */,
				8D11072C0486CEB800E47090 /* Sources */,
				8D11072E0486CEB800E47090 /* Frameworks */,
			);
			buildRules = (
			);
			dependencies = (
			);
			name = SimpleIldaExample_Etherdream;
			productInstallPath = "$(HOME)/Applications";
			productName = CinderIlda;
			productReference = 8D1107320486CEB800E47090 /* SimpleIldaExample_Etherdream.app */;
			productType = "com.apple.product-type.application";
		};
/* End PBXNativeTarget section */

/* Begin PBXProject section */
		29B97313FDCFA39411CA2CEA /* Project object */ = {
			isa = PBXProject;
			buildConfigurationList = C01FCF4E08A954540054247B /* Build configuration list for PBXProject "SimpleIldaExample_Etherdream" */;
			compatibilityVersion = "Xcode 3.1";
			developmentRegion = English;
			hasScannedForEncodings = 1;
			knownRegions = (
				English,
				Japanese,
				French,
				German,
			);
			mainGroup = 29B97314FDCFA39411CA2CEA /* CinderIlda */;
			projectDirPath = "";
			projectRoot = "";
			targets = (
				8D1107260486CEB800E47090 /* SimpleIldaExample_Etherdream */,
			);
		};
/* End PBXProject section */

/* Begin PBXResourcesBuildPhase section */
		8D1107290486CEB800E47090 /* Resources */ = {
			isa = PBXResourcesBuildPhase;
			buildActionMask = 2147483647;
			files = (
				1BE32ABC13E541CEAB8B7A94 /* CinderApp.icns in Resources */,
				FF6DAB821783879300F53BF2 /* fatfs_readme.txt in Resources */,
				FF6DAB831783879300F53BF2 /* openocd.cfg in Resources */,
				FF6DAB841783879300F53BF2 /* .gitignore in Resources */,
				FF6DAB851783879300F53BF2 /* .gitignore in Resources */,
			);
			runOnlyForDeploymentPostprocessing = 0;
		};
/* End PBXResourcesBuildPhase section */

/* Begin PBXSourcesBuildPhase section */
		8D11072C0486CEB800E47090 /* Sources */ = {
			isa = PBXSourcesBuildPhase;
			buildActionMask = 2147483647;
			files = (
				C41FBD5A9EAF4E488AC8D574 /* CinderIldaApp.cpp in Sources */,
				FF6DAB861783879300F53BF2 /* etherdream.c in Sources */,
				FF6DAB871783879300F53BF2 /* Makefile in Sources */,
				FF6DAB881783879300F53BF2 /* test.c in Sources */,
				FF6DAB891783879300F53BF2 /* Makefile in Sources */,
				FF6DABA51783879300F53BF2 /* CinderEtherdream.cpp in Sources */,
				FF6DABA61783879300F53BF2 /* CinderIldaFrame.cpp in Sources */,
			);
			runOnlyForDeploymentPostprocessing = 0;
		};
/* End PBXSourcesBuildPhase section */

/* Begin XCBuildConfiguration section */
		C01FCF4B08A954540054247B /* Debug */ = {
			isa = XCBuildConfiguration;
			buildSettings = {
				COMBINE_HIDPI_IMAGES = YES;
				COPY_PHASE_STRIP = NO;
				DEAD_CODE_STRIPPING = YES;
				GCC_DYNAMIC_NO_PIC = NO;
				GCC_INLINES_ARE_PRIVATE_EXTERN = YES;
				GCC_OPTIMIZATION_LEVEL = 0;
				GCC_PRECOMPILE_PREFIX_HEADER = YES;
				GCC_PREFIX_HEADER = SimpleIldaExample_Etherdream_Prefix.pch;
				GCC_SYMBOLS_PRIVATE_EXTERN = NO;
				INFOPLIST_FILE = Info.plist;
				INSTALL_PATH = "$(HOME)/Applications";
				LIBRARY_SEARCH_PATHS = (
					"$(inherited)",
					"\"$(SRCROOT)/../lib/easyLase/libs/driver/libEasyLase\"",
					"\"$(SRCROOT)/../../../lib/easyLase/libs/driver/libEasyLase\"",
				);
				OTHER_LDFLAGS = "\"$(CINDER_PATH)/lib/libcinder_d.a\"";
				PRODUCT_NAME = SimpleIldaExample_Etherdream;
				SYMROOT = ./build;
				WRAPPER_EXTENSION = app;
			};
			name = Debug;
		};
		C01FCF4C08A954540054247B /* Release */ = {
			isa = XCBuildConfiguration;
			buildSettings = {
				COMBINE_HIDPI_IMAGES = YES;
				DEAD_CODE_STRIPPING = YES;
				DEBUG_INFORMATION_FORMAT = "dwarf-with-dsym";
				GCC_FAST_MATH = YES;
				GCC_GENERATE_DEBUGGING_SYMBOLS = NO;
				GCC_INLINES_ARE_PRIVATE_EXTERN = YES;
				GCC_OPTIMIZATION_LEVEL = 3;
				GCC_PRECOMPILE_PREFIX_HEADER = YES;
				GCC_PREFIX_HEADER = SimpleIldaExample_Etherdream_Prefix.pch;
				GCC_SYMBOLS_PRIVATE_EXTERN = NO;
				INFOPLIST_FILE = Info.plist;
				INSTALL_PATH = "$(HOME)/Applications";
				LIBRARY_SEARCH_PATHS = (
					"$(inherited)",
					"\"$(SRCROOT)/../lib/easyLase/libs/driver/libEasyLase\"",
					"\"$(SRCROOT)/../../../lib/easyLase/libs/driver/libEasyLase\"",
				);
				OTHER_LDFLAGS = "\"$(CINDER_PATH)/lib/libcinder.a\"";
				PRODUCT_NAME = SimpleIldaExample_Etherdream;
				STRIP_INSTALLED_PRODUCT = YES;
				SYMROOT = ./build;
				WRAPPER_EXTENSION = app;
			};
			name = Release;
		};
		C01FCF4F08A954540054247B /* Debug */ = {
			isa = XCBuildConfiguration;
			buildSettings = {
				ALWAYS_SEARCH_USER_PATHS = NO;
				ARCHS = i386;
				CINDER_PATH = ../../../../..;
				CLANG_CXX_LANGUAGE_STANDARD = "c++0x";
				CLANG_CXX_LIBRARY = "libc++";
				GCC_WARN_ABOUT_RETURN_TYPE = YES;
				GCC_WARN_UNUSED_VARIABLE = YES;
				HEADER_SEARCH_PATHS = "\"$(CINDER_PATH)/boost\"";
				MACOSX_DEPLOYMENT_TARGET = 10.7;
				SDKROOT = macosx;
				USER_HEADER_SEARCH_PATHS = "\"$(CINDER_PATH)/include\" ../include";
			};
			name = Debug;
		};
		C01FCF5008A954540054247B /* Release */ = {
			isa = XCBuildConfiguration;
			buildSettings = {
				ALWAYS_SEARCH_USER_PATHS = NO;
				ARCHS = i386;
				CINDER_PATH = ../../../../..;
				CLANG_CXX_LANGUAGE_STANDARD = "c++0x";
				CLANG_CXX_LIBRARY = "libc++";
				GCC_WARN_ABOUT_RETURN_TYPE = YES;
				GCC_WARN_UNUSED_VARIABLE = YES;
				HEADER_SEARCH_PATHS = "\"$(CINDER_PATH)/boost\"";
				MACOSX_DEPLOYMENT_TARGET = 10.7;
				SDKROOT = macosx;
				USER_HEADER_SEARCH_PATHS = "\"$(CINDER_PATH)/include\" ../include";
			};
			name = Release;
		};
/* End XCBuildConfiguration section */

/* Begin XCConfigurationList section */
		C01FCF4A08A954540054247B /* Build configuration list for PBXNativeTarget "SimpleIldaExample_Etherdream" */ = {
			isa = XCConfigurationList;
			buildConfigurations = (
				C01FCF4B08A954540054247B /* Debug */,
				C01FCF4C08A954540054247B /* Release */,
			);
			defaultConfigurationIsVisible = 0;
			defaultConfigurationName = Release;
		};
		C01FCF4E08A954540054247B /* Build configuration list for PBXProject "SimpleIldaExample_Etherdream" */ = {
			isa = XCConfigurationList;
			buildConfigurations = (
				C01FCF4F08A954540054247B /* Debug */,
				C01FCF5008A954540054247B /* Release */,
			);
			defaultConfigurationIsVisible = 0;
			defaultConfigurationName = Release;
		};
/* End XCConfigurationList section */
	};
	rootObject = 29B97313FDCFA39411CA2CEA /* Project object */;
}
